
Microsoft Visual Studio Solution File, Format Version 12.00
# Visual Studio 15
VisualStudioVersion = 15.0.26403.7
MinimumVisualStudioVersion = 10.0.40219.1
Project("{CC5FD16D-436D-48AD-A40C-5A424C6E3E79}") = "LatencyWorker", "LatencyWorker\LatencyWorker.ccproj", "{8772DC1D-E6D9-4AC8-AA9D-79EDE57372C5}"
EndProject
Project("{FAE04EC0-301F-11D3-BF4B-00C04F79EFBC}") = "LatencyWorkerRole", "LatencyWorkerRole\LatencyWorkerRole.csproj", "{6B384A25-5BB1-4307-A073-41F8CF3CA616}"
EndProject
Global
	GlobalSection(SolutionConfigurationPlatforms) = preSolution
		Debug|Any CPU = Debug|Any CPU
		Release|Any CPU = Release|Any CPU
	EndGlobalSection
	GlobalSection(ProjectConfigurationPlatforms) = postSolution
		{8772DC1D-E6D9-4AC8-AA9D-79EDE57372C5}.Debug|Any CPU.ActiveCfg = Debug|Any CPU
		{8772DC1D-E6D9-4AC8-AA9D-79EDE57372C5}.Debug|Any CPU.Build.0 = Debug|Any CPU
		{8772DC1D-E6D9-4AC8-AA9D-79EDE57372C5}.Release|Any CPU.ActiveCfg = Release|Any CPU
		{8772DC1D-E6D9-4AC8-AA9D-79EDE57372C5}.Release|Any CPU.Build.0 = Release|Any CPU
		{6B384A25-5BB1-4307-A073-41F8CF3CA616}.Debug|Any CPU.ActiveCfg = Debug|Any CPU
		{6B384A25-5BB1-4307-A073-41F8CF3CA616}.Debug|Any CPU.Build.0 = Debug|Any CPU
		{6B384A25-5BB1-4307-A073-41F8CF3CA616}.Release|Any CPU.ActiveCfg = Release|Any CPU
		{6B384A25-5BB1-4307-A073-41F8CF3CA616}.Release|Any CPU.Build.0 = Release|Any CPU
	EndGlobalSection
	GlobalSection(SolutionProperties) = preSolution
		HideSolutionNode = FALSE
	EndGlobalSection
EndGlobal
